
Microsoft Visual Studio Solution File, Format Version 12.00
# Visual Studio 15
VisualStudioVersion = 15.0.26403.7
MinimumVisualStudioVersion = 10.0.40219.1
Project("{FAE04EC0-301F-11D3-BF4B-00C04F79EFBC}") = "Capstone", "Capstone\Capstone.csproj", "{58D057B5-FDEA-4B8A-8812-955A37636428}"
EndProject
Project("{FAE04EC0-301F-11D3-BF4B-00C04F79EFBC}") = "Capstone.Tests", "Capstone.Tests\Capstone.Tests.csproj", "{2B5677BD-C8E7-451B-9E66-F2272ECCD8BA}"
EndProject
Global
	GlobalSection(SolutionConfigurationPlatforms) = preSolution
		Debug|Any CPU = Debug|Any CPU
		Release|Any CPU = Release|Any CPU
	EndGlobalSection
	GlobalSection(ProjectConfigurationPlatforms) = postSolution
		{58D057B5-FDEA-4B8A-8812-955A37636428}.Debug|Any CPU.ActiveCfg = Debug|Any CPU
		{58D057B5-FDEA-4B8A-8812-955A37636428}.Debug|Any CPU.Build.0 = Debug|Any CPU
		{58D057B5-FDEA-4B8A-8812-955A37636428}.Release|Any CPU.ActiveCfg = Release|Any CPU
		{58D057B5-FDEA-4B8A-8812-955A37636428}.Release|Any CPU.Build.0 = Release|Any CPU
		{2B5677BD-C8E7-451B-9E66-F2272ECCD8BA}.Debug|Any CPU.ActiveCfg = Debug|Any CPU
		{2B5677BD-C8E7-451B-9E66-F2272ECCD8BA}.Debug|Any CPU.Build.0 = Debug|Any CPU
		{2B5677BD-C8E7-451B-9E66-F2272ECCD8BA}.Release|Any CPU.ActiveCfg = Release|Any CPU
		{2B5677BD-C8E7-451B-9E66-F2272ECCD8BA}.Release|Any CPU.Build.0 = Release|Any CPU
	EndGlobalSection
	GlobalSection(SolutionProperties) = preSolution
		HideSolutionNode = FALSE
	EndGlobalSection
EndGlobal
